Microsoft Visual Studio Solution File, Format Version 12.00
# Visual Studio Version 17
VisualStudioVersion = 17.5.2.0
MinimumVisualStudioVersion = 10.0.40219.1
Project("{FAE04EC0-301F-11D3-BF4B-00C04F79EFBC}") = "DockerTehtava", "DockerTehtava.csproj", "{0ECF6F83-ED7E-D835-D0B7-9ACE2BACF19A}"
EndProject
Global
	GlobalSection(SolutionConfigurationPlatforms) = preSolution
		Debug|Any CPU = Debug|Any CPU
		Release|Any CPU = Release|Any CPU
	EndGlobalSection
	GlobalSection(ProjectConfigurationPlatforms) = postSolution
		{0ECF6F83-ED7E-D835-D0B7-9ACE2BACF19A}.Debug|Any CPU.ActiveCfg = Debug|Any CPU
		{0ECF6F83-ED7E-D835-D0B7-9ACE2BACF19A}.Debug|Any CPU.Build.0 = Debug|Any CPU
		{0ECF6F83-ED7E-D835-D0B7-9ACE2BACF19A}.Release|Any CPU.ActiveCfg = Release|Any CPU
		{0ECF6F83-ED7E-D835-D0B7-9ACE2BACF19A}.Release|Any CPU.Build.0 = Release|Any CPU
	EndGlobalSection
	GlobalSection(SolutionProperties) = preSolution
		HideSolutionNode = FALSE
	EndGlobalSection
	GlobalSection(ExtensibilityGlobals) = postSolution
		SolutionGuid = {2BC16D04-FA73-4957-B8B9-B02477CAD51E}
	EndGlobalSection
EndGlobal
